
Microsoft Visual Studio Solution File, Format Version 12.00
Project("{FAE04EC0-301F-11D3-BF4B-00C04F79EFBC}") = "BuilderPattern", "BuilderPattern\BuilderPattern.csproj", "{D8BBE3C5-1DEF-40EE-A0C5-CA6316888021}"
EndProject
Project("{FAE04EC0-301F-11D3-BF4B-00C04F79EFBC}") = "FactoryPattern", "FactoryPattern\FactoryPattern.csproj", "{67DA9B1F-870F-4DBA-A0AA-A54594F040E6}"
EndProject
Project("{FAE04EC0-301F-11D3-BF4B-00C04F79EFBC}") = "AbstractFactoryPattern", "AbstractFactoryPattern\AbstractFactoryPattern.csproj", "{9CBDDEA4-156D-489B-A20B-D3C8DB53A3A2}"
EndProject
Project("{FAE04EC0-301F-11D3-BF4B-00C04F79EFBC}") = "PrototypePattern", "PrototypePattern\PrototypePattern.csproj", "{5DB2E1B6-478F-4D3A-A898-BE33B012EE35}"
EndProject
Project("{FAE04EC0-301F-11D3-BF4B-00C04F79EFBC}") = "SingletonPattern", "SingletonPattern\SingletonPattern.csproj", "{21B3D297-6258-44C9-87B3-8F73A135ECE5}"
EndProject
Project("{2150E333-8FDC-42A3-9474-1A3956D46DE8}") = "Creational Patterns", "Creational Patterns", "{6E640583-7500-4B66-B266-0DD796755B27}"
EndProject
Project("{2150E333-8FDC-42A3-9474-1A3956D46DE8}") = "Behavioral Patterns", "Behavioral Patterns", "{703AF472-7DA5-45D1-BED8-56E5662398A1}"
EndProject
Project("{FAE04EC0-301F-11D3-BF4B-00C04F79EFBC}") = "StrategyPattern", "StrategyPattern\StrategyPattern.csproj", "{744DB28A-809B-4913-AF18-C3ADE6128149}"
EndProject
Project("{FAE04EC0-301F-11D3-BF4B-00C04F79EFBC}") = "ObserverPattern", "ObserverPattern\ObserverPattern.csproj", "{86C6EA1C-60AC-42D0-8E71-B72579E7B8E0}"
EndProject
Project("{FAE04EC0-301F-11D3-BF4B-00C04F79EFBC}") = "MediatorPattern", "MediatorPattern\MediatorPattern.csproj", "{7079F5A7-8FB6-488A-8CA8-93F90C746580}"
EndProject
Project("{FAE04EC0-301F-11D3-BF4B-00C04F79EFBC}") = "ChainOfResponsibilityPattern", "ChainOfResponsibilityPattern\ChainOfResponsibilityPattern.csproj", "{E0E80AE8-406C-4D6A-B6A7-0488EDE6A568}"
EndProject
Project("{FAE04EC0-301F-11D3-BF4B-00C04F79EFBC}") = "TemplateMethodPattern", "TemplateMethodPattern\TemplateMethodPattern.csproj", "{B6B716BA-8875-4556-BA21-DB0B4EA22DB1}"
EndProject
Project("{FAE04EC0-301F-11D3-BF4B-00C04F79EFBC}") = "StatePattern", "StatePattern\StatePattern.csproj", "{A09918FE-F21A-4FCC-92B1-0267E272745D}"
EndProject
Project("{2150E333-8FDC-42A3-9474-1A3956D46DE8}") = "Structural Patterns", "Structural Patterns", "{FA06DB8E-2A62-48BE-A1E0-8EBC933681FD}"
EndProject
Project("{FAE04EC0-301F-11D3-BF4B-00C04F79EFBC}") = "AdapterPattern", "AdapterPattern\AdapterPattern.csproj", "{F3F76006-795C-44AC-AC7A-6EB84CE16EAA}"
EndProject
Project("{FAE04EC0-301F-11D3-BF4B-00C04F79EFBC}") = "FacadePattern", "FacadePattern\FacadePattern.csproj", "{A72A63B9-5152-422B-93BC-C3F90CEDEEFA}"
EndProject
Project("{FAE04EC0-301F-11D3-BF4B-00C04F79EFBC}") = "DecoratorPattern", "DecoratorPattern\DecoratorPattern.csproj", "{EBB0413C-3F30-4400-B6B6-45042AEC2443}"
EndProject
Project("{FAE04EC0-301F-11D3-BF4B-00C04F79EFBC}") = "ProxyPattern", "ProxyPattern\ProxyPattern.csproj", "{5525B36D-878B-4294-95B5-60F50DF4EF2A}"
EndProject
Global
	GlobalSection(SolutionConfigurationPlatforms) = preSolution
		Debug|Any CPU = Debug|Any CPU
		Release|Any CPU = Release|Any CPU
	EndGlobalSection
	GlobalSection(ProjectConfigurationPlatforms) = postSolution
		{D8BBE3C5-1DEF-40EE-A0C5-CA6316888021}.Debug|Any CPU.ActiveCfg = Debug|Any CPU
		{D8BBE3C5-1DEF-40EE-A0C5-CA6316888021}.Debug|Any CPU.Build.0 = Debug|Any CPU
		{D8BBE3C5-1DEF-40EE-A0C5-CA6316888021}.Release|Any CPU.ActiveCfg = Release|Any CPU
		{D8BBE3C5-1DEF-40EE-A0C5-CA6316888021}.Release|Any CPU.Build.0 = Release|Any CPU
		{67DA9B1F-870F-4DBA-A0AA-A54594F040E6}.Debug|Any CPU.ActiveCfg = Debug|Any CPU
		{67DA9B1F-870F-4DBA-A0AA-A54594F040E6}.Debug|Any CPU.Build.0 = Debug|Any CPU
		{67DA9B1F-870F-4DBA-A0AA-A54594F040E6}.Release|Any CPU.ActiveCfg = Release|Any CPU
		{67DA9B1F-870F-4DBA-A0AA-A54594F040E6}.Release|Any CPU.Build.0 = Release|Any CPU
		{9CBDDEA4-156D-489B-A20B-D3C8DB53A3A2}.Debug|Any CPU.ActiveCfg = Debug|Any CPU
		{9CBDDEA4-156D-489B-A20B-D3C8DB53A3A2}.Debug|Any CPU.Build.0 = Debug|Any CPU
		{9CBDDEA4-156D-489B-A20B-D3C8DB53A3A2}.Release|Any CPU.ActiveCfg = Release|Any CPU
		{9CBDDEA4-156D-489B-A20B-D3C8DB53A3A2}.Release|Any CPU.Build.0 = Release|Any CPU
		{5DB2E1B6-478F-4D3A-A898-BE33B012EE35}.Debug|Any CPU.ActiveCfg = Debug|Any CPU
		{5DB2E1B6-478F-4D3A-A898-BE33B012EE35}.Debug|Any CPU.Build.0 = Debug|Any CPU
		{5DB2E1B6-478F-4D3A-A898-BE33B012EE35}.Release|Any CPU.ActiveCfg = Release|Any CPU
		{5DB2E1B6-478F-4D3A-A898-BE33B012EE35}.Release|Any CPU.Build.0 = Release|Any CPU
		{21B3D297-6258-44C9-87B3-8F73A135ECE5}.Debug|Any CPU.ActiveCfg = Debug|Any CPU
		{21B3D297-6258-44C9-87B3-8F73A135ECE5}.Debug|Any CPU.Build.0 = Debug|Any CPU
		{21B3D297-6258-44C9-87B3-8F73A135ECE5}.Release|Any CPU.ActiveCfg = Release|Any CPU
		{21B3D297-6258-44C9-87B3-8F73A135ECE5}.Release|Any CPU.Build.0 = Release|Any CPU
		{744DB28A-809B-4913-AF18-C3ADE6128149}.Debug|Any CPU.ActiveCfg = Debug|Any CPU
		{744DB28A-809B-4913-AF18-C3ADE6128149}.Debug|Any CPU.Build.0 = Debug|Any CPU
		{744DB28A-809B-4913-AF18-C3ADE6128149}.Release|Any CPU.ActiveCfg = Release|Any CPU
		{744DB28A-809B-4913-AF18-C3ADE6128149}.Release|Any CPU.Build.0 = Release|Any CPU
		{86C6EA1C-60AC-42D0-8E71-B72579E7B8E0}.Debug|Any CPU.ActiveCfg = Debug|Any CPU
		{86C6EA1C-60AC-42D0-8E71-B72579E7B8E0}.Debug|Any CPU.Build.0 = Debug|Any CPU
		{86C6EA1C-60AC-42D0-8E71-B72579E7B8E0}.Release|Any CPU.ActiveCfg = Release|Any CPU
		{86C6EA1C-60AC-42D0-8E71-B72579E7B8E0}.Release|Any CPU.Build.0 = Release|Any CPU
		{7079F5A7-8FB6-488A-8CA8-93F90C746580}.Debug|Any CPU.ActiveCfg = Debug|Any CPU
		{7079F5A7-8FB6-488A-8CA8-93F90C746580}.Debug|Any CPU.Build.0 = Debug|Any CPU
		{7079F5A7-8FB6-488A-8CA8-93F90C746580}.Release|Any CPU.ActiveCfg = Release|Any CPU
		{7079F5A7-8FB6-488A-8CA8-93F90C746580}.Release|Any CPU.Build.0 = Release|Any CPU
		{E0E80AE8-406C-4D6A-B6A7-0488EDE6A568}.Debug|Any CPU.ActiveCfg = Debug|Any CPU
		{E0E80AE8-406C-4D6A-B6A7-0488EDE6A568}.Debug|Any CPU.Build.0 = Debug|Any CPU
		{E0E80AE8-406C-4D6A-B6A7-0488EDE6A568}.Release|Any CPU.ActiveCfg = Release|Any CPU
		{E0E80AE8-406C-4D6A-B6A7-0488EDE6A568}.Release|Any CPU.Build.0 = Release|Any CPU
		{B6B716BA-8875-4556-BA21-DB0B4EA22DB1}.Debug|Any CPU.ActiveCfg = Debug|Any CPU
		{B6B716BA-8875-4556-BA21-DB0B4EA22DB1}.Debug|Any CPU.Build.0 = Debug|Any CPU
		{B6B716BA-8875-4556-BA21-DB0B4EA22DB1}.Release|Any CPU.ActiveCfg = Release|Any CPU
		{B6B716BA-8875-4556-BA21-DB0B4EA22DB1}.Release|Any CPU.Build.0 = Release|Any CPU
		{A09918FE-F21A-4FCC-92B1-0267E272745D}.Debug|Any CPU.ActiveCfg = Debug|Any CPU
		{A09918FE-F21A-4FCC-92B1-0267E272745D}.Debug|Any CPU.Build.0 = Debug|Any CPU
		{A09918FE-F21A-4FCC-92B1-0267E272745D}.Release|Any CPU.ActiveCfg = Release|Any CPU
		{A09918FE-F21A-4FCC-92B1-0267E272745D}.Release|Any CPU.Build.0 = Release|Any CPU
		{F3F76006-795C-44AC-AC7A-6EB84CE16EAA}.Debug|Any CPU.ActiveCfg = Debug|Any CPU
		{F3F76006-795C-44AC-AC7A-6EB84CE16EAA}.Debug|Any CPU.Build.0 = Debug|Any CPU
		{F3F76006-795C-44AC-AC7A-6EB84CE16EAA}.Release|Any CPU.ActiveCfg = Release|Any CPU
		{F3F76006-795C-44AC-AC7A-6EB84CE16EAA}.Release|Any CPU.Build.0 = Release|Any CPU
		{A72A63B9-5152-422B-93BC-C3F90CEDEEFA}.Debug|Any CPU.ActiveCfg = Debug|Any CPU
		{A72A63B9-5152-422B-93BC-C3F90CEDEEFA}.Debug|Any CPU.Build.0 = Debug|Any CPU
		{A72A63B9-5152-422B-93BC-C3F90CEDEEFA}.Release|Any CPU.ActiveCfg = Release|Any CPU
		{A72A63B9-5152-422B-93BC-C3F90CEDEEFA}.Release|Any CPU.Build.0 = Release|Any CPU
		{EBB0413C-3F30-4400-B6B6-45042AEC2443}.Debug|Any CPU.ActiveCfg = Debug|Any CPU
		{EBB0413C-3F30-4400-B6B6-45042AEC2443}.Debug|Any CPU.Build.0 = Debug|Any CPU
		{EBB0413C-3F30-4400-B6B6-45042AEC2443}.Release|Any CPU.ActiveCfg = Release|Any CPU
		{EBB0413C-3F30-4400-B6B6-45042AEC2443}.Release|Any CPU.Build.0 = Release|Any CPU
		{5525B36D-878B-4294-95B5-60F50DF4EF2A}.Debug|Any CPU.ActiveCfg = Debug|Any CPU
		{5525B36D-878B-4294-95B5-60F50DF4EF2A}.Debug|Any CPU.Build.0 = Debug|Any CPU
		{5525B36D-878B-4294-95B5-60F50DF4EF2A}.Release|Any CPU.ActiveCfg = Release|Any CPU
		{5525B36D-878B-4294-95B5-60F50DF4EF2A}.Release|Any CPU.Build.0 = Release|Any CPU
	EndGlobalSection
	GlobalSection(NestedProjects) = preSolution
		{21B3D297-6258-44C9-87B3-8F73A135ECE5} = {6E640583-7500-4B66-B266-0DD796755B27}
		{67DA9B1F-870F-4DBA-A0AA-A54594F040E6} = {6E640583-7500-4B66-B266-0DD796755B27}
		{5DB2E1B6-478F-4D3A-A898-BE33B012EE35} = {6E640583-7500-4B66-B266-0DD796755B27}
		{D8BBE3C5-1DEF-40EE-A0C5-CA6316888021} = {6E640583-7500-4B66-B266-0DD796755B27}
		{9CBDDEA4-156D-489B-A20B-D3C8DB53A3A2} = {6E640583-7500-4B66-B266-0DD796755B27}
		{744DB28A-809B-4913-AF18-C3ADE6128149} = {703AF472-7DA5-45D1-BED8-56E5662398A1}
		{86C6EA1C-60AC-42D0-8E71-B72579E7B8E0} = {703AF472-7DA5-45D1-BED8-56E5662398A1}
		{7079F5A7-8FB6-488A-8CA8-93F90C746580} = {703AF472-7DA5-45D1-BED8-56E5662398A1}
		{E0E80AE8-406C-4D6A-B6A7-0488EDE6A568} = {703AF472-7DA5-45D1-BED8-56E5662398A1}
		{B6B716BA-8875-4556-BA21-DB0B4EA22DB1} = {703AF472-7DA5-45D1-BED8-56E5662398A1}
		{A09918FE-F21A-4FCC-92B1-0267E272745D} = {703AF472-7DA5-45D1-BED8-56E5662398A1}
		{F3F76006-795C-44AC-AC7A-6EB84CE16EAA} = {FA06DB8E-2A62-48BE-A1E0-8EBC933681FD}
		{A72A63B9-5152-422B-93BC-C3F90CEDEEFA} = {FA06DB8E-2A62-48BE-A1E0-8EBC933681FD}
		{EBB0413C-3F30-4400-B6B6-45042AEC2443} = {FA06DB8E-2A62-48BE-A1E0-8EBC933681FD}
		{5525B36D-878B-4294-95B5-60F50DF4EF2A} = {FA06DB8E-2A62-48BE-A1E0-8EBC933681FD}
	EndGlobalSection
EndGlobal
